
Microsoft Visual Studio Solution File, Format Version 11.00
# Visual Studio 2010
Project("{8BC9CEB8-8B4A-11D0-8D11-00A0C91BC942}") = "array", "array\array.vcxproj", "{FBA76FD8-7746-4D98-9B85-EEFE8098064A}"
EndProject
Global
	GlobalSection(SolutionConfigurationPlatforms) = preSolution
		Debug|Win32 = Debug|Win32
		Release|Win32 = Release|Win32
	EndGlobalSection
	GlobalSection(ProjectConfigurationPlatforms) = postSolution
		{FBA76FD8-7746-4D98-9B85-EEFE8098064A}.Debug|Win32.ActiveCfg = Debug|Win32
		{FBA76FD8-7746-4D98-9B85-EEFE8098064A}.Debug|Win32.Build.0 = Debug|Win32
		{FBA76FD8-7746-4D98-9B85-EEFE8098064A}.Release|Win32.ActiveCfg = Release|Win32
		{FBA76FD8-7746-4D98-9B85-EEFE8098064A}.Release|Win32.Build.0 = Release|Win32
	EndGlobalSection
	GlobalSection(SolutionProperties) = preSolution
		HideSolutionNode = FALSE
	EndGlobalSection
EndGlobal
